
Microsoft Visual Studio Solution File, Format Version 12.00
# Visual Studio Version 17
VisualStudioVersion = 17.8.34309.116
MinimumVisualStudioVersion = 10.0.40219.1
Project("{FAE04EC0-301F-11D3-BF4B-00C04F79EFBC}") = "ConversorTemperatura", "ConversorTemperatura.csproj", "{161CDB68-F89E-42D6-994B-A3A48969252F}"
EndProject
Global
	GlobalSection(SolutionConfigurationPlatforms) = preSolution
		Debug|Any CPU = Debug|Any CPU
		Release|Any CPU = Release|Any CPU
	EndGlobalSection
	GlobalSection(ProjectConfigurationPlatforms) = postSolution
		{161CDB68-F89E-42D6-994B-A3A48969252F}.Debug|Any CPU.ActiveCfg = Debug|Any CPU
		{161CDB68-F89E-42D6-994B-A3A48969252F}.Debug|Any CPU.Build.0 = Debug|Any CPU
		{161CDB68-F89E-42D6-994B-A3A48969252F}.Release|Any CPU.ActiveCfg = Release|Any CPU
		{161CDB68-F89E-42D6-994B-A3A48969252F}.Release|Any CPU.Build.0 = Release|Any CPU
	EndGlobalSection
	GlobalSection(SolutionProperties) = preSolution
		HideSolutionNode = FALSE
	EndGlobalSection
	GlobalSection(ExtensibilityGlobals) = postSolution
		SolutionGuid = {DEFE4AA5-2641-44FD-BAF5-E52D48242DB6}
	EndGlobalSection
EndGlobal
